---
lockfileVersion: '9.0'

importers:

  .:
    configDependencies: {}
    packageManagerDependencies:
      '@pnpm/exe':
        specifier: '>=11.0.0'
        version: 11.1.2
      pnpm:
        specifier: '>=11.0.0'
        version: 11.1.2

packages:

  '@pnpm/exe@11.1.2':
    resolution: {integrity: sha512-di6YvqPO/2jvih6kCJ8r0ySzQNjQWrBXPEfqEHtrmwOamuNALnfASwhFBwEtMjWmaA8QG7TqAg2qEvAe+8cBkQ==}
    hasBin: true

  '@pnpm/linux-arm64@11.1.2':
    resolution: {integrity: sha512-VdyZw4LsGm2v+645a7sZsb3MyjrRizTsV7wtpzIySJGYgc7nnQeTzw5QSI5xaoRf/ge0PTKDG8BeRqJOs+KpAg==}
    cpu: [arm64]
    os: [linux]

  '@pnpm/linux-x64@11.1.2':
    resolution: {integrity: sha512-WTyDmmeQFLDlPJXDFNqJXrEmEjE78dJDXo3VSz7O/xXpC2nPwY38nVxthPGd+6t9SKmGDx/s4RLOjjKo82Hbig==}
    cpu: [x64]
    os: [linux]

  '@pnpm/linuxstatic-arm64@11.1.2':
    resolution: {integrity: sha512-eIpUghshpgEAtSBv/uSRM+7jBaUVcEpP4sInlOuRYDK+Wg091lQ5Gv5uOxgiHAqs3LWku3lRF81EReKyHehYUQ==}
    cpu: [arm64]
    os: [linux]
    libc: [musl]

  '@pnpm/linuxstatic-x64@11.1.2':
    resolution: {integrity: sha512-sYJxMj7zrR8ZSGqvqai3fWJ95VAZtuDYUAluDXQ/VZ3/7+FqikbXqokitTt0yCGSOzbO8u7zseW8EsOqxf93Qw==}
    cpu: [x64]
    os: [linux]
    libc: [musl]

  '@pnpm/macos-arm64@11.1.2':
    resolution: {integrity: sha512-eqwJeQbqgKRhLCgcVtb0Eaz3Ay6AspOkioqhT00jN6dFwoUYi7Xo78rnZ2uSwVSp+Sij4Yyuvmu++ZPIeP9VrA==}
    cpu: [arm64]
    os: [darwin]

  '@pnpm/win-arm64@11.1.2':
    resolution: {integrity: sha512-MZzvuuODP/AI781f+x/lB9UuN2SHIGVn6W08SEWKdPIMxWqBGKXLd9QOuh6uRJ7UWC9AufFzhbVs0fSQxxEcng==}
    cpu: [arm64]
    os: [win32]

  '@pnpm/win-x64@11.1.2':
    resolution: {integrity: sha512-1B2ijW1Z68ehS4QkLVbD+oENz7ribCNpL5Hh5UMDdVm04KYmi2vDp2BW7SrC8AS6G4/5YUs5yFLJPY57CLJJ8A==}
    cpu: [x64]
    os: [win32]

  '@reflink/reflink-darwin-arm64@0.1.19':
    resolution: {integrity: sha512-ruy44Lpepdk1FqDz38vExBY/PVUsjxZA+chd9wozjUH9JjuDT/HEaQYA6wYN9mf041l0yLVar6BCZuWABJvHSA==}
    engines: {node: '>= 10'}
    cpu: [arm64]
    os: [darwin]

  '@reflink/reflink-darwin-x64@0.1.19':
    resolution: {integrity: sha512-By85MSWrMZa+c26TcnAy8SDk0sTUkYlNnwknSchkhHpGXOtjNDUOxJE9oByBnGbeuIE1PiQsxDG3Ud+IVV9yuA==}
    engines: {node: '>= 10'}
    cpu: [x64]
    os: [darwin]

  '@reflink/reflink-linux-arm64-gnu@0.1.19':
    resolution: {integrity: sha512-7P+er8+rP9iNeN+bfmccM4hTAaLP6PQJPKWSA4iSk2bNvo6KU6RyPgYeHxXmzNKzPVRcypZQTpFgstHam6maVg==}
    engines: {node: '>= 10'}
    cpu: [arm64]
    os: [linux]
    libc: [glibc]

  '@reflink/reflink-linux-arm64-musl@0.1.19':
    resolution: {integrity: sha512-37iO/Dp6m5DDaC2sf3zPtx/hl9FV3Xze4xoYidrxxS9bgP3S8ALroxRK6xBG/1TtfXKTvolvp+IjrUU6ujIGmA==}
    engines: {node: '>= 10'}
    cpu: [arm64]
    os: [linux]
    libc: [musl]

  '@reflink/reflink-linux-x64-gnu@0.1.19':
    resolution: {integrity: sha512-jbI8jvuYCaA3MVUdu8vLoLAFqC+iNMpiSuLbxlAgg7x3K5bsS8nOpTRnkLF7vISJ+rVR8W+7ThXlXlUQ93ulkw==}
    engines: {node: '>= 10'}
    cpu: [x64]
    os: [linux]
    libc: [glibc]

  '@reflink/reflink-linux-x64-musl@0.1.19':
    resolution: {integrity: sha512-e9FBWDe+lv7QKAwtKOt6A2W/fyy/aEEfr0g6j/hWzvQcrzHCsz07BNQYlNOjTfeytrtLU7k449H1PI95jA4OjQ==}
    engines: {node: '>= 10'}
    cpu: [x64]
    os: [linux]
    libc: [musl]

  '@reflink/reflink-win32-arm64-msvc@0.1.19':
    resolution: {integrity: sha512-09PxnVIQcd+UOn4WAW73WU6PXL7DwGS6wPlkMhMg2zlHHG65F3vHepOw06HFCq+N42qkaNAc8AKIabWvtk6cIQ==}
    engines: {node: '>= 10'}
    cpu: [arm64]
    os: [win32]

  '@reflink/reflink-win32-x64-msvc@0.1.19':
    resolution: {integrity: sha512-E//yT4ni2SyhwP8JRjVGWr3cbnhWDiPLgnQ66qqaanjjnMiu3O/2tjCPQXlcGc/DEYofpDc9fvhv6tALQsMV9w==}
    engines: {node: '>= 10'}
    cpu: [x64]
    os: [win32]

  '@reflink/reflink@0.1.19':
    resolution: {integrity: sha512-DmCG8GzysnCZ15bres3N5AHCmwBwYgp0As6xjhQ47rAUTUXxJiK+lLUxaGsX3hd/30qUpVElh05PbGuxRPgJwA==}
    engines: {node: '>= 10'}

  detect-libc@2.1.2:
    resolution: {integrity: sha512-Btj2BOOO83o3WyH59e8MgXsxEQVcarkUOpEYrubB0urwnN10yQ364rsiByU11nZlqWYZm05i/of7io4mzihBtQ==}
    engines: {node: '>=8'}

  pnpm@11.1.2:
    resolution: {integrity: sha512-QVocwll0cx51RVwUaDcb50xapft2IbUNQFbSIkUWCfEUEvI/1gLmFp8eBgRmZB95hZfhvpYaEGiINqZ7FlaUmQ==}
    engines: {node: '>=22.13'}
    hasBin: true

snapshots:

  '@pnpm/exe@11.1.2':
    dependencies:
      '@reflink/reflink': 0.1.19
      detect-libc: 2.1.2
    optionalDependencies:
      '@pnpm/linux-arm64': 11.1.2
      '@pnpm/linux-x64': 11.1.2
      '@pnpm/linuxstatic-arm64': 11.1.2
      '@pnpm/linuxstatic-x64': 11.1.2
      '@pnpm/macos-arm64': 11.1.2
      '@pnpm/win-arm64': 11.1.2
      '@pnpm/win-x64': 11.1.2

  '@pnpm/linux-arm64@11.1.2':
    optional: true

  '@pnpm/linux-x64@11.1.2':
    optional: true

  '@pnpm/linuxstatic-arm64@11.1.2':
    optional: true

  '@pnpm/linuxstatic-x64@11.1.2':
    optional: true

  '@pnpm/macos-arm64@11.1.2':
    optional: true

  '@pnpm/win-arm64@11.1.2':
    optional: true

  '@pnpm/win-x64@11.1.2':
    optional: true

  '@reflink/reflink-darwin-arm64@0.1.19':
    optional: true

  '@reflink/reflink-darwin-x64@0.1.19':
    optional: true

  '@reflink/reflink-linux-arm64-gnu@0.1.19':
    optional: true

  '@reflink/reflink-linux-arm64-musl@0.1.19':
    optional: true

  '@reflink/reflink-linux-x64-gnu@0.1.19':
    optional: true

  '@reflink/reflink-linux-x64-musl@0.1.19':
    optional: true

  '@reflink/reflink-win32-arm64-msvc@0.1.19':
    optional: true

  '@reflink/reflink-win32-x64-msvc@0.1.19':
    optional: true

  '@reflink/reflink@0.1.19':
    optionalDependencies:
      '@reflink/reflink-darwin-arm64': 0.1.19
      '@reflink/reflink-darwin-x64': 0.1.19
      '@reflink/reflink-linux-arm64-gnu': 0.1.19
      '@reflink/reflink-linux-arm64-musl': 0.1.19
      '@reflink/reflink-linux-x64-gnu': 0.1.19
      '@reflink/reflink-linux-x64-musl': 0.1.19
      '@reflink/reflink-win32-arm64-msvc': 0.1.19
      '@reflink/reflink-win32-x64-msvc': 0.1.19

  detect-libc@2.1.2: {}

  pnpm@11.1.2: {}

---
lockfileVersion: '9.0'

settings:
  autoInstallPeers: true
  excludeLinksFromLockfile: false

importers:

  .:
    dependencies:
      effect:
        specifier: ^3.21.2
        version: 3.21.2
    devDependencies:
      node:
        specifier: runtime:^24.15.0
        version: runtime:24.15.0
      typescript:
        specifier: 6.0.3
        version: 6.0.3

  packages/ai: {}

  packages/analytics: {}

  packages/auth: {}

  packages/db: {}

  packages/email: {}

  packages/eslint-config: {}

  packages/logger: {}

  packages/tsconfig: {}

packages:

  '@standard-schema/spec@1.1.0':
    resolution: {integrity: sha512-l2aFy5jALhniG5HgqrD6jXLi/rUWrKvqN/qJx6yoJsgKhblVd+iqqU4RCXavm/jPityDo5TCvKMnpjKnOriy0w==}

  effect@3.21.2:
    resolution: {integrity: sha512-rXd2FGDM8KdjSIrc+mqEELo7ScW7xTVxEf1iInmPSpIde9/nyGuFM710cjTo7/EreGXiUX2MOonPpprbz2XHCg==}

  fast-check@3.23.2:
    resolution: {integrity: sha512-h5+1OzzfCC3Ef7VbtKdcv7zsstUQwUDlYpUTvjeUsJAssPgLn7QzbboPtL5ro04Mq0rPOsMzl7q5hIbRs2wD1A==}
    engines: {node: '>=8.0.0'}

  node@runtime:24.15.0:
    resolution:
      type: variations
      variants:
        - resolution:
            archive: tarball
            bin:
              node: bin/node
            integrity: sha256-3UvHfctfTJoslkNzm7WTUAzLCUE+xCyqD47w5e8RYJU=
            type: binary
            url: https://nodejs.org/download/release/v24.15.0/node-v24.15.0-aix-ppc64.tar.gz
          targets:
            - cpu: ppc64
              os: aix
        - resolution:
            archive: tarball
            bin:
              node: bin/node
            integrity: sha256-NyMxuWl3mrXRW5SYhPxur4jVr+h73ouogdZAC5EA/8Q=
            type: binary
            url: https://nodejs.org/download/release/v24.15.0/node-v24.15.0-darwin-arm64.tar.gz
          targets:
            - cpu: arm64
              os: darwin
        - resolution:
            archive: tarball
            bin:
              node: bin/node
            integrity: sha256-/9XuKTRnkn8+5zGlU+uI/R9Iz3TuvC10prq+SvIoZzs=
            type: binary
            url: https://nodejs.org/download/release/v24.15.0/node-v24.15.0-darwin-x64.tar.gz
          targets:
            - cpu: x64
              os: darwin
        - resolution:
            archive: tarball
            bin:
              node: bin/node
            integrity: sha256-c6/CNNVYwkkZh19RwtHqACoq2k6m+DYBo4OGn++mTu0=
            type: binary
            url: https://nodejs.org/download/release/v24.15.0/node-v24.15.0-linux-arm64.tar.gz
          targets:
            - cpu: arm64
              os: linux
        - resolution:
            archive: tarball
            bin:
              node: bin/node
            integrity: sha256-sfiJAKSxY2XqulYmkwT8Edp1gdvwNVLUSV+azh/AX20=
            type: binary
            url: https://nodejs.org/download/release/v24.15.0/node-v24.15.0-linux-ppc64le.tar.gz
          targets:
            - cpu: ppc64le
              os: linux
        - resolution:
            archive: tarball
            bin:
              node: bin/node
            integrity: sha256-+YVFVDnVL+m43mqPbQe/7MxzbepSfofqyv5ajXUWo4A=
            type: binary
            url: https://nodejs.org/download/release/v24.15.0/node-v24.15.0-linux-s390x.tar.gz
          targets:
            - cpu: s390x
              os: linux
        - resolution:
            archive: tarball
            bin:
              node: bin/node
            integrity: sha256-RINoctmuxJ8ea1KpqSKHLbmisC0jWmFqVoG2qF/sjYk=
            type: binary
            url: https://nodejs.org/download/release/v24.15.0/node-v24.15.0-linux-x64.tar.gz
          targets:
            - cpu: x64
              os: linux
        - resolution:
            archive: zip
            bin:
              node: node.exe
            integrity: sha256-yet0Au2ibiun5EtnJ/yFqN5WxQlbH3Hr0wYokiEaoRY=
            prefix: node-v24.15.0-win-arm64
            type: binary
            url: https://nodejs.org/download/release/v24.15.0/node-v24.15.0-win-arm64.zip
          targets:
            - cpu: arm64
              os: win32
        - resolution:
            archive: zip
            bin:
              node: node.exe
            integrity: sha256-zFFJ6r1Td5zh573FQBZDYi0MfmgAreGJKKdn6UC7DmI=
            prefix: node-v24.15.0-win-x64
            type: binary
            url: https://nodejs.org/download/release/v24.15.0/node-v24.15.0-win-x64.zip
          targets:
            - cpu: x64
              os: win32
        - resolution:
            archive: tarball
            bin:
              node: bin/node
            integrity: sha256-MemKqWCgZ9qR7f/V2TvEZle10qgClhLDWfXyrABgFSo=
            type: binary
            url: https://unofficial-builds.nodejs.org/download/release/v24.15.0/node-v24.15.0-linux-arm64-musl.tar.gz
          targets:
            - cpu: arm64
              os: linux
              libc: musl
        - resolution:
            archive: tarball
            bin:
              node: bin/node
            integrity: sha256-9Vr1vUicU0exE8pllMrgClSzC6V6xYdTJDEb/G9HYuM=
            type: binary
            url: https://unofficial-builds.nodejs.org/download/release/v24.15.0/node-v24.15.0-linux-x64-musl.tar.gz
          targets:
            - cpu: x64
              os: linux
              libc: musl
    version: 24.15.0
    hasBin: true

  pure-rand@6.1.0:
    resolution: {integrity: sha512-bVWawvoZoBYpp6yIoQtQXHZjmz35RSVHnUOTefl8Vcjr8snTPY1wnpSPMWekcFwbxI6gtmT7rSYPFvz71ldiOA==}

  typescript@6.0.3:
    resolution: {integrity: sha512-y2TvuxSZPDyQakkFRPZHKFm+KKVqIisdg9/CZwm9ftvKXLP8NRWj38/ODjNbr43SsoXqNuAisEf1GdCxqWcdBw==}
    engines: {node: '>=14.17'}
    hasBin: true

snapshots:

  '@standard-schema/spec@1.1.0': {}

  effect@3.21.2:
    dependencies:
      '@standard-schema/spec': 1.1.0
      fast-check: 3.23.2

  fast-check@3.23.2:
    dependencies:
      pure-rand: 6.1.0

  node@runtime:24.15.0: {}

  pure-rand@6.1.0: {}

  typescript@6.0.3: {}
